
Microsoft Visual Studio Solution File, Format Version 12.00
# Visual Studio 15
VisualStudioVersion = 15.0.28307.438
MinimumVisualStudioVersion = 10.0.40219.1
Project("{FAE04EC0-301F-11D3-BF4B-00C04F79EFBC}") = "Integerator4", "Integerator4\Integerator4.csproj", "{07E2E55A-48C4-41BC-91B7-C8959E8245B4}"
EndProject
Global
	GlobalSection(SolutionConfigurationPlatforms) = preSolution
		Debug|Any CPU = Debug|Any CPU
		Release|Any CPU = Release|Any CPU
	EndGlobalSection
	GlobalSection(ProjectConfigurationPlatforms) = postSolution
		{07E2E55A-48C4-41BC-91B7-C8959E8245B4}.Debug|Any CPU.ActiveCfg = Debug|Any CPU
		{07E2E55A-48C4-41BC-91B7-C8959E8245B4}.Debug|Any CPU.Build.0 = Debug|Any CPU
		{07E2E55A-48C4-41BC-91B7-C8959E8245B4}.Release|Any CPU.ActiveCfg = Release|Any CPU
		{07E2E55A-48C4-41BC-91B7-C8959E8245B4}.Release|Any CPU.Build.0 = Release|Any CPU
	EndGlobalSection
	GlobalSection(SolutionProperties) = preSolution
		HideSolutionNode = FALSE
	EndGlobalSection
	GlobalSection(ExtensibilityGlobals) = postSolution
		SolutionGuid = {FBA57F96-6CFB-4CA1-A80F-1AD979F8BDEB}
	EndGlobalSection
EndGlobal
