
Microsoft Visual Studio Solution File, Format Version 12.00
# Visual Studio 15
VisualStudioVersion = 15.0.28307.438
MinimumVisualStudioVersion = 10.0.40219.1
Project("{FAE04EC0-301F-11D3-BF4B-00C04F79EFBC}") = "Integerator3", "Integerator3\Integerator3.csproj", "{6E9F21A3-4A43-4834-9E5C-70BD872F3E8D}"
EndProject
Global
	GlobalSection(SolutionConfigurationPlatforms) = preSolution
		Debug|Any CPU = Debug|Any CPU
		Release|Any CPU = Release|Any CPU
	EndGlobalSection
	GlobalSection(ProjectConfigurationPlatforms) = postSolution
		{6E9F21A3-4A43-4834-9E5C-70BD872F3E8D}.Debug|Any CPU.ActiveCfg = Debug|Any CPU
		{6E9F21A3-4A43-4834-9E5C-70BD872F3E8D}.Debug|Any CPU.Build.0 = Debug|Any CPU
		{6E9F21A3-4A43-4834-9E5C-70BD872F3E8D}.Release|Any CPU.ActiveCfg = Release|Any CPU
		{6E9F21A3-4A43-4834-9E5C-70BD872F3E8D}.Release|Any CPU.Build.0 = Release|Any CPU
	EndGlobalSection
	GlobalSection(SolutionProperties) = preSolution
		HideSolutionNode = FALSE
	EndGlobalSection
	GlobalSection(ExtensibilityGlobals) = postSolution
		SolutionGuid = {DBD827F7-2B4D-49AD-81D6-16BE3D161EA7}
	EndGlobalSection
EndGlobal
