
Microsoft Visual Studio Solution File, Format Version 12.00
# Visual Studio 15
VisualStudioVersion = 15.0.28307.438
MinimumVisualStudioVersion = 10.0.40219.1
Project("{FAE04EC0-301F-11D3-BF4B-00C04F79EFBC}") = "Inheretor", "Inheretor\Inheretor.csproj", "{848B6976-96DB-42E0-A7B1-F9EC6912A75E}"
EndProject
Global
	GlobalSection(SolutionConfigurationPlatforms) = preSolution
		Debug|Any CPU = Debug|Any CPU
		Release|Any CPU = Release|Any CPU
	EndGlobalSection
	GlobalSection(ProjectConfigurationPlatforms) = postSolution
		{848B6976-96DB-42E0-A7B1-F9EC6912A75E}.Debug|Any CPU.ActiveCfg = Debug|Any CPU
		{848B6976-96DB-42E0-A7B1-F9EC6912A75E}.Debug|Any CPU.Build.0 = Debug|Any CPU
		{848B6976-96DB-42E0-A7B1-F9EC6912A75E}.Release|Any CPU.ActiveCfg = Release|Any CPU
		{848B6976-96DB-42E0-A7B1-F9EC6912A75E}.Release|Any CPU.Build.0 = Release|Any CPU
	EndGlobalSection
	GlobalSection(SolutionProperties) = preSolution
		HideSolutionNode = FALSE
	EndGlobalSection
	GlobalSection(ExtensibilityGlobals) = postSolution
		SolutionGuid = {FA6B348F-41F0-4A1B-9F48-3368EC35E983}
	EndGlobalSection
EndGlobal
